
Microsoft Visual Studio Solution File, Format Version 12.00
# Visual Studio Version 17
VisualStudioVersion = 17.9.34728.123
MinimumVisualStudioVersion = 10.0.40219.1
Project("{FAE04EC0-301F-11D3-BF4B-00C04F79EFBC}") = "GUI", "SistemaLabco\GUI.csproj", "{54C5F3C2-A895-4530-9638-61E2E39CFF7E}"
EndProject
Project("{FAE04EC0-301F-11D3-BF4B-00C04F79EFBC}") = "BL", "BL\BL.csproj", "{45481A69-4865-4E8E-B406-EDA61C0E10C6}"
EndProject
Project("{FAE04EC0-301F-11D3-BF4B-00C04F79EFBC}") = "DAL", "DAL\DAL.csproj", "{9F6F41F5-9AD6-4F0F-A87B-68F1C7821F28}"
EndProject
Project("{FAE04EC0-301F-11D3-BF4B-00C04F79EFBC}") = "ET", "ET\ET.csproj", "{2B5D6A0C-4EA3-4129-A8AF-0579146010C6}"
EndProject
Global
	GlobalSection(SolutionConfigurationPlatforms) = preSolution
		Debug|Any CPU = Debug|Any CPU
		Release|Any CPU = Release|Any CPU
	EndGlobalSection
	GlobalSection(ProjectConfigurationPlatforms) = postSolution
		{54C5F3C2-A895-4530-9638-61E2E39CFF7E}.Debug|Any CPU.ActiveCfg = Debug|Any CPU
		{54C5F3C2-A895-4530-9638-61E2E39CFF7E}.Debug|Any CPU.Build.0 = Debug|Any CPU
		{54C5F3C2-A895-4530-9638-61E2E39CFF7E}.Release|Any CPU.ActiveCfg = Release|Any CPU
		{54C5F3C2-A895-4530-9638-61E2E39CFF7E}.Release|Any CPU.Build.0 = Release|Any CPU
		{45481A69-4865-4E8E-B406-EDA61C0E10C6}.Debug|Any CPU.ActiveCfg = Debug|Any CPU
		{45481A69-4865-4E8E-B406-EDA61C0E10C6}.Debug|Any CPU.Build.0 = Debug|Any CPU
		{45481A69-4865-4E8E-B406-EDA61C0E10C6}.Release|Any CPU.ActiveCfg = Release|Any CPU
		{45481A69-4865-4E8E-B406-EDA61C0E10C6}.Release|Any CPU.Build.0 = Release|Any CPU
		{9F6F41F5-9AD6-4F0F-A87B-68F1C7821F28}.Debug|Any CPU.ActiveCfg = Debug|Any CPU
		{9F6F41F5-9AD6-4F0F-A87B-68F1C7821F28}.Debug|Any CPU.Build.0 = Debug|Any CPU
		{9F6F41F5-9AD6-4F0F-A87B-68F1C7821F28}.Release|Any CPU.ActiveCfg = Release|Any CPU
		{9F6F41F5-9AD6-4F0F-A87B-68F1C7821F28}.Release|Any CPU.Build.0 = Release|Any CPU
		{2B5D6A0C-4EA3-4129-A8AF-0579146010C6}.Debug|Any CPU.ActiveCfg = Debug|Any CPU
		{2B5D6A0C-4EA3-4129-A8AF-0579146010C6}.Debug|Any CPU.Build.0 = Debug|Any CPU
		{2B5D6A0C-4EA3-4129-A8AF-0579146010C6}.Release|Any CPU.ActiveCfg = Release|Any CPU
		{2B5D6A0C-4EA3-4129-A8AF-0579146010C6}.Release|Any CPU.Build.0 = Release|Any CPU
	EndGlobalSection
	GlobalSection(SolutionProperties) = preSolution
		HideSolutionNode = FALSE
	EndGlobalSection
	GlobalSection(ExtensibilityGlobals) = postSolution
		SolutionGuid = {0D7045A3-67D3-4D22-89F4-4D8AEB91EF50}
	EndGlobalSection
EndGlobal
